// !$*UTF8*$!
{
	archiveVersion = 1;
	classes = {
	};
	objectVersion = 56;
	objects = {

/* Begin PBXBuildFile section */
		943ECFDB2E73CC4C00937C96 /* AppDelegate.swift in Sources */ = {isa = PBXBuildFile; fileRef = 943ECFDA2E73CC4C00937C96 /* AppDelegate.swift */; };
		943ECFDD2E73CC4C00937C96 /* SceneDelegate.swift in Sources */ = {isa = PBXBuildFile; fileRef = 943ECFDC2E73CC4C00937C96 /* SceneDelegate.swift */; };
		943ECFDF2E73CC4C00937C96 /* ViewController.swift in Sources */ = {isa = PBXBuildFile; fileRef = 943ECFDE2E73CC4C00937C96 /* ViewController.swift */; };
		943ECFE22E73CC4C00937C96 /* Main.storyboard in Resources */ = {isa = PBXBuildFile; fileRef = 943ECFE02E73CC4C00937C96 /* Main.storyboard */; };
		943ECFE42E73CC4D00937C96 /* Assets.xcassets in Resources */ = {isa = PBXBuildFile; fileRef = 943ECFE32E73CC4D00937C96 /* Assets.xcassets */; };
		943ECFE72E73CC4D00937C96 /* LaunchScreen.storyboard in Resources */ = {isa = PBXBuildFile; fileRef = 943ECFE52E73CC4D00937C96 /* LaunchScreen.storyboard */; };
		943ED0082E73DEF600937C96 /* Views in Resources */ = {isa = PBXBuildFile; fileRef = 943ED0072E73DEF600937C96 /* Views */; };
		943ED00A2E73DEFE00937C96 /* Utilities in Resources */ = {isa = PBXBuildFile; fileRef = 943ED0092E73DEFE00937C96 /* Utilities */; };
		943ED00E2E73DF0900937C96 /* Models in Resources */ = {isa = PBXBuildFile; fileRef = 943ED00D2E73DF0900937C96 /* Models */; };
		943ED00F2E73DF4900937C96 /* Models in Sources */ = {isa = PBXBuildFile; fileRef = 943ED00D2E73DF0900937C96 /* Models */; };
		943ED0102E73DF4C00937C96 /* Utilities in Sources */ = {isa = PBXBuildFile; fileRef = 943ED0092E73DEFE00937C96 /* Utilities */; };
		943ED0112E73DF4F00937C96 /* Views in Sources */ = {isa = PBXBuildFile; fileRef = 943ED0072E73DEF600937C96 /* Views */; };
		943ED0142E73DFE500937C96 /* StationListView.swift in Sources */ = {isa = PBXBuildFile; fileRef = 943ED0132E73DFE500937C96 /* StationListView.swift */; };
		943ED0162E73DFEA00937C96 /* CSVLoader.swift in Sources */ = {isa = PBXBuildFile; fileRef = 943ED0152E73DFEA00937C96 /* CSVLoader.swift */; };
		943ED01B2E73DFF200937C96 /* Event.swift in Sources */ = {isa = PBXBuildFile; fileRef = 943ED01A2E73DFF200937C96 /* Event.swift */; };
		943ED01C2E73DFF200937C96 /* Station.swift in Sources */ = {isa = PBXBuildFile; fileRef = 943ED0182E73DFF200937C96 /* Station.swift */; };
		943ED01D2E73DFF200937C96 /* User.swift in Sources */ = {isa = PBXBuildFile; fileRef = 943ED0192E73DFF200937C96 /* User.swift */; };
		943ED0212E73DFF700937C96 /* ActionResultView.swift in Sources */ = {isa = PBXBuildFile; fileRef = 943ED01F2E73DFF700937C96 /* ActionResultView.swift */; };
		943ED0222E73DFF700937C96 /* EventView.swift in Sources */ = {isa = PBXBuildFile; fileRef = 943ED0202E73DFF700937C96 /* EventView.swift */; };
		943ED0232E73DFF700937C96 /* UserStatusView.swift in Sources */ = {isa = PBXBuildFile; fileRef = 943ED01E2E73DFF700937C96 /* UserStatusView.swift */; };
		94F2A3452E73EAD6009C116B /* CSVLoader.swift in Resources */ = {isa = PBXBuildFile; fileRef = 943ED0152E73DFEA00937C96 /* CSVLoader.swift */; };
		94F2A3462E73EB0B009C116B /* stations.csv in Resources */ = {isa = PBXBuildFile; fileRef = 943ED0172E73DFEE00937C96 /* stations.csv */; };
/* End PBXBuildFile section */

/* Begin PBXFileReference section */
		943ECFD72E73CC4C00937C96 /* MTASafari.app */ = {isa = PBXFileReference; explicitFileType = wrapper.application; includeInIndex = 0; path = MTASafari.app; sourceTree = BUILT_PRODUCTS_DIR; };
		943ECFDA2E73CC4C00937C96 /* AppDelegate.swift */ = {isa = PBXFileReference; lastKnownFileType = sourcecode.swift; path = AppDelegate.swift; sourceTree = "<group>"; };
		943ECFDC2E73CC4C00937C96 /* SceneDelegate.swift */ = {isa = PBXFileReference; lastKnownFileType = sourcecode.swift; path = SceneDelegate.swift; sourceTree = "<group>"; };
		943ECFDE2E73CC4C00937C96 /* ViewController.swift */ = {isa = PBXFileReference; lastKnownFileType = sourcecode.swift; path = ViewController.swift; sourceTree = "<group>"; };
		943ECFE12E73CC4C00937C96 /* Base */ = {isa = PBXFileReference; lastKnownFileType = file.storyboard; name = Base; path = Base.lproj/Main.storyboard; sourceTree = "<group>"; };
		943ECFE32E73CC4D00937C96 /* Assets.xcassets */ = {isa = PBXFileReference; lastKnownFileType = folder.assetcatalog; path = Assets.xcassets; sourceTree = "<group>"; };
		943ECFE62E73CC4D00937C96 /* Base */ = {isa = PBXFileReference; lastKnownFileType = file.storyboard; name = Base; path = Base.lproj/LaunchScreen.storyboard; sourceTree = "<group>"; };
		943ECFE82E73CC4D00937C96 /* Info.plist */ = {isa = PBXFileReference; lastKnownFileType = text.plist.xml; path = Info.plist; sourceTree = "<group>"; };
		943ED0072E73DEF600937C96 /* Views */ = {isa = PBXFileReference; lastKnownFileType = folder; path = Views; sourceTree = "<group>"; };
		943ED0092E73DEFE00937C96 /* Utilities */ = {isa = PBXFileReference; lastKnownFileType = folder; path = Utilities; sourceTree = "<group>"; };
		943ED00D2E73DF0900937C96 /* Models */ = {isa = PBXFileReference; lastKnownFileType = folder; path = Models; sourceTree = "<group>"; };
		943ED0132E73DFE500937C96 /* StationListView.swift */ = {isa = PBXFileReference; lastKnownFileType = sourcecode.swift; path = StationListView.swift; sourceTree = "<group>"; };
		943ED0152E73DFEA00937C96 /* CSVLoader.swift */ = {isa = PBXFileReference; lastKnownFileType = sourcecode.swift; path = CSVLoader.swift; sourceTree = "<group>"; };
		943ED0172E73DFEE00937C96 /* stations.csv */ = {isa = PBXFileReference; lastKnownFileType = text; path = stations.csv; sourceTree = "<group>"; };
		943ED0182E73DFF200937C96 /* Station.swift */ = {isa = PBXFileReference; lastKnownFileType = sourcecode.swift; path = Station.swift; sourceTree = "<group>"; };
		943ED0192E73DFF200937C96 /* User.swift */ = {isa = PBXFileReference; lastKnownFileType = sourcecode.swift; path = User.swift; sourceTree = "<group>"; };
		943ED01A2E73DFF200937C96 /* Event.swift */ = {isa = PBXFileReference; lastKnownFileType = sourcecode.swift; path = Event.swift; sourceTree = "<group>"; };
		943ED01E2E73DFF700937C96 /* UserStatusView.swift */ = {isa = PBXFileReference; lastKnownFileType = sourcecode.swift; path = UserStatusView.swift; sourceTree = "<group>"; };
		943ED01F2E73DFF700937C96 /* ActionResultView.swift */ = {isa = PBXFileReference; lastKnownFileType = sourcecode.swift; path = ActionResultView.swift; sourceTree = "<group>"; };
		943ED0202E73DFF700937C96 /* EventView.swift */ = {isa = PBXFileReference; lastKnownFileType = sourcecode.swift; path = EventView.swift; sourceTree = "<group>"; };
/* End PBXFileReference section */

/* Begin PBXFrameworksBuildPhase section */
		943ECFD42E73CC4C00937C96 /* Frameworks */ = {
			isa = PBXFrameworksBuildPhase;
			buildActionMask = 2147483647;
			files = (
			);
			runOnlyForDeploymentPostprocessing = 0;
		};
/* End PBXFrameworksBuildPhase section */

/* Begin PBXGroup section */
		943ECFCE2E73CC4C00937C96 = {
			isa = PBXGroup;
			children = (
				943ECFD92E73CC4C00937C96 /* MTASafari */,
				943ECFD82E73CC4C00937C96 /* Products */,
			);
			sourceTree = "<group>";
		};
		943ECFD82E73CC4C00937C96 /* Products */ = {
			isa = PBXGroup;
			children = (
				943ECFD72E73CC4C00937C96 /* MTASafari.app */,
			);
			name = Products;
			sourceTree = "<group>";
		};
		943ECFD92E73CC4C00937C96 /* MTASafari */ = {
			isa = PBXGroup;
			children = (
				943ED00D2E73DF0900937C96 /* Models */,
				943ED0092E73DEFE00937C96 /* Utilities */,
				943ED0072E73DEF600937C96 /* Views */,
				943ECFDA2E73CC4C00937C96 /* AppDelegate.swift */,
				943ECFDC2E73CC4C00937C96 /* SceneDelegate.swift */,
				943ED0132E73DFE500937C96 /* StationListView.swift */,
				943ED0152E73DFEA00937C96 /* CSVLoader.swift */,
				943ECFDE2E73CC4C00937C96 /* ViewController.swift */,
				943ED01A2E73DFF200937C96 /* Event.swift */,
				943ED0182E73DFF200937C96 /* Station.swift */,
				943ED0192E73DFF200937C96 /* User.swift */,
				943ED01F2E73DFF700937C96 /* ActionResultView.swift */,
				943ED0202E73DFF700937C96 /* EventView.swift */,
				943ED01E2E73DFF700937C96 /* UserStatusView.swift */,
				943ED0172E73DFEE00937C96 /* stations.csv */,
				943ECFE02E73CC4C00937C96 /* Main.storyboard */,
				943ECFE32E73CC4D00937C96 /* Assets.xcassets */,
				943ECFE52E73CC4D00937C96 /* LaunchScreen.storyboard */,
				943ECFE82E73CC4D00937C96 /* Info.plist */,
			);
			path = MTASafari;
			sourceTree = "<group>";
		};
/* End PBXGroup section */

/* Begin PBXNativeTarget section */
		943ECFD62E73CC4C00937C96 /* MTASafari */ = {
			isa = PBXNativeTarget;
			buildConfigurationList = 943ECFEB2E73CC4D00937C96 /* Build configuration list for PBXNativeTarget "MTASafari" */;
			buildPhases = (
				943ECFD32E73CC4C00937C96 /* Sources */,
				943ECFD42E73CC4C00937C96 /* Frameworks */,
				943ECFD52E73CC4C00937C96 /* Resources */,
			);
			buildRules = (
			);
			dependencies = (
			);
			name = MTASafari;
			productName = MTASafari;
			productReference = 943ECFD72E73CC4C00937C96 /* MTASafari.app */;
			productType = "com.apple.product-type.application";
		};
/* End PBXNativeTarget section */

/* Begin PBXProject section */
		943ECFCF2E73CC4C00937C96 /* Project object */ = {
			isa = PBXProject;
			attributes = {
				BuildIndependentTargetsInParallel = 1;
				LastSwiftUpdateCheck = 1430;
				LastUpgradeCheck = 1430;
				TargetAttributes = {
					943ECFD62E73CC4C00937C96 = {
						CreatedOnToolsVersion = 14.3.1;
					};
				};
			};
			buildConfigurationList = 943ECFD22E73CC4C00937C96 /* Build configuration list for PBXProject "MTASafari" */;
			compatibilityVersion = "Xcode 14.0";
			developmentRegion = en;
			hasScannedForEncodings = 0;
			knownRegions = (
				en,
				Base,
			);
			mainGroup = 943ECFCE2E73CC4C00937C96;
			productRefGroup = 943ECFD82E73CC4C00937C96 /* Products */;
			projectDirPath = "";
			projectRoot = "";
			targets = (
				943ECFD62E73CC4C00937C96 /* MTASafari */,
			);
		};
/* End PBXProject section */

/* Begin PBXResourcesBuildPhase section */
		943ECFD52E73CC4C00937C96 /* Resources */ = {
			isa = PBXResourcesBuildPhase;
			buildActionMask = 2147483647;
			files = (
				94F2A3462E73EB0B009C116B /* stations.csv in Resources */,
				94F2A3452E73EAD6009C116B /* CSVLoader.swift in Resources */,
				943ECFE72E73CC4D00937C96 /* LaunchScreen.storyboard in Resources */,
				943ECFE42E73CC4D00937C96 /* Assets.xcassets in Resources */,
				943ECFE22E73CC4C00937C96 /* Main.storyboard in Resources */,
				943ED00A2E73DEFE00937C96 /* Utilities in Resources */,
				943ED00E2E73DF0900937C96 /* Models in Resources */,
				943ED0082E73DEF600937C96 /* Views in Resources */,
			);
			runOnlyForDeploymentPostprocessing = 0;
		};
/* End PBXResourcesBuildPhase section */

/* Begin PBXSourcesBuildPhase section */
		943ECFD32E73CC4C00937C96 /* Sources */ = {
			isa = PBXSourcesBuildPhase;
			buildActionMask = 2147483647;
			files = (
				943ED0212E73DFF700937C96 /* ActionResultView.swift in Sources */,
				943ED0222E73DFF700937C96 /* EventView.swift in Sources */,
				943ED0142E73DFE500937C96 /* StationListView.swift in Sources */,
				943ED0112E73DF4F00937C96 /* Views in Sources */,
				943ED0102E73DF4C00937C96 /* Utilities in Sources */,
				943ED01B2E73DFF200937C96 /* Event.swift in Sources */,
				943ED00F2E73DF4900937C96 /* Models in Sources */,
				943ECFDF2E73CC4C00937C96 /* ViewController.swift in Sources */,
				943ED0162E73DFEA00937C96 /* CSVLoader.swift in Sources */,
				943ED01D2E73DFF200937C96 /* User.swift in Sources */,
				943ED0232E73DFF700937C96 /* UserStatusView.swift in Sources */,
				943ED01C2E73DFF200937C96 /* Station.swift in Sources */,
				943ECFDB2E73CC4C00937C96 /* AppDelegate.swift in Sources */,
				943ECFDD2E73CC4C00937C96 /* SceneDelegate.swift in Sources */,
			);
			runOnlyForDeploymentPostprocessing = 0;
		};
/* End PBXSourcesBuildPhase section */

/* Begin PBXVariantGroup section */
		943ECFE02E73CC4C00937C96 /* Main.storyboard */ = {
			isa = PBXVariantGroup;
			children = (
				943ECFE12E73CC4C00937C96 /* Base */,
			);
			name = Main.storyboard;
			sourceTree = "<group>";
		};
		943ECFE52E73CC4D00937C96 /* LaunchScreen.storyboard */ = {
			isa = PBXVariantGroup;
			children = (
				943ECFE62E73CC4D00937C96 /* Base */,
			);
			name = LaunchScreen.storyboard;
			sourceTree = "<group>";
		};
/* End PBXVariantGroup section */

/* Begin XCBuildConfiguration section */
		943ECFE92E73CC4D00937C96 /* Debug */ = {
			isa = XCBuildConfiguration;
			buildSettings = {
				ALWAYS_SEARCH_USER_PATHS = NO;
				CLANG_ANALYZER_NONNULL = YES;
				CLANG_ANALYZER_NUMBER_OBJECT_CONVERSION = YES_AGGRESSIVE;
				CLANG_CXX_LANGUAGE_STANDARD = "gnu++20";
				CLANG_ENABLE_MODULES = YES;
				CLANG_ENABLE_OBJC_ARC = YES;
				CLANG_ENABLE_OBJC_WEAK = YES;
				CLANG_WARN_BLOCK_CAPTURE_AUTORELEASING = YES;
				CLANG_WARN_BOOL_CONVERSION = YES;
				CLANG_WARN_COMMA = YES;
				CLANG_WARN_CONSTANT_CONVERSION = YES;
				CLANG_WARN_DEPRECATED_OBJC_IMPLEMENTATIONS = YES;
				CLANG_WARN_DIRECT_OBJC_ISA_USAGE = YES_ERROR;
				CLANG_WARN_DOCUMENTATION_COMMENTS = YES;
				CLANG_WARN_EMPTY_BODY = YES;
				CLANG_WARN_ENUM_CONVERSION = YES;
				CLANG_WARN_INFINITE_RECURSION = YES;
				CLANG_WARN_INT_CONVERSION = YES;
				CLANG_WARN_NON_LITERAL_NULL_CONVERSION = YES;
				CLANG_WARN_OBJC_IMPLICIT_RETAIN_SELF = YES;
				CLANG_WARN_OBJC_LITERAL_CONVERSION = YES;
				CLANG_WARN_OBJC_ROOT_CLASS = YES_ERROR;
				CLANG_WARN_QUOTED_INCLUDE_IN_FRAMEWORK_HEADER = YES;
				CLANG_WARN_RANGE_LOOP_ANALYSIS = YES;
				CLANG_WARN_STRICT_PROTOTYPES = YES;
				CLANG_WARN_SUSPICIOUS_MOVE = YES;
				CLANG_WARN_UNGUARDED_AVAILABILITY = YES_AGGRESSIVE;
				CLANG_WARN_UNREACHABLE_CODE = YES;
				CLANG_WARN__DUPLICATE_METHOD_MATCH = YES;
				COPY_PHASE_STRIP = NO;
				DEBUG_INFORMATION_FORMAT = dwarf;
				ENABLE_STRICT_OBJC_MSGSEND = YES;
				ENABLE_TESTABILITY = YES;
				GCC_C_LANGUAGE_STANDARD = gnu11;
				GCC_DYNAMIC_NO_PIC = NO;
				GCC_NO_COMMON_BLOCKS = YES;
				GCC_OPTIMIZATION_LEVEL = 0;
				GCC_PREPROCESSOR_DEFINITIONS = (
					"DEBUG=1",
					"$(inherited)",
				);
				GCC_WARN_64_TO_32_BIT_CONVERSION = YES;
				GCC_WARN_ABOUT_RETURN_TYPE = YES_ERROR;
				GCC_WARN_UNDECLARED_SELECTOR = YES;
				GCC_WARN_UNINITIALIZED_AUTOS = YES_AGGRESSIVE;
				GCC_WARN_UNUSED_FUNCTION = YES;
				GCC_WARN_UNUSED_VARIABLE = YES;
				IPHONEOS_DEPLOYMENT_TARGET = 16.4;
				MTL_ENABLE_DEBUG_INFO = INCLUDE_SOURCE;
				MTL_FAST_MATH = YES;
				ONLY_ACTIVE_ARCH = YES;
				SDKROOT = iphoneos;
				SWIFT_ACTIVE_COMPILATION_CONDITIONS = DEBUG;
				SWIFT_OPTIMIZATION_LEVEL = "-Onone";
			};
			name = Debug;
		};
		943ECFEA2E73CC4D00937C96 /* Release */ = {
			isa = XCBuildConfiguration;
			buildSettings = {
				ALWAYS_SEARCH_USER_PATHS = NO;
				CLANG_ANALYZER_NONNULL = YES;
				CLANG_ANALYZER_NUMBER_OBJECT_CONVERSION = YES_AGGRESSIVE;
				CLANG_CXX_LANGUAGE_STANDARD = "gnu++20";
				CLANG_ENABLE_MODULES = YES;
				CLANG_ENABLE_OBJC_ARC = YES;
				CLANG_ENABLE_OBJC_WEAK = YES;
				CLANG_WARN_BLOCK_CAPTURE_AUTORELEASING = YES;
				CLANG_WARN_BOOL_CONVERSION = YES;
				CLANG_WARN_COMMA = YES;
				CLANG_WARN_CONSTANT_CONVERSION = YES;
				CLANG_WARN_DEPRECATED_OBJC_IMPLEMENTATIONS = YES;
				CLANG_WARN_DIRECT_OBJC_ISA_USAGE = YES_ERROR;
				CLANG_WARN_DOCUMENTATION_COMMENTS = YES;
				CLANG_WARN_EMPTY_BODY = YES;
				CLANG_WARN_ENUM_CONVERSION = YES;
				CLANG_WARN_INFINITE_RECURSION = YES;
				CLANG_WARN_INT_CONVERSION = YES;
				CLANG_WARN_NON_LITERAL_NULL_CONVERSION = YES;
				CLANG_WARN_OBJC_IMPLICIT_RETAIN_SELF = YES;
				CLANG_WARN_OBJC_LITERAL_CONVERSION = YES;
				CLANG_WARN_OBJC_ROOT_CLASS = YES_ERROR;
				CLANG_WARN_QUOTED_INCLUDE_IN_FRAMEWORK_HEADER = YES;
				CLANG_WARN_RANGE_LOOP_ANALYSIS = YES;
				CLANG_WARN_STRICT_PROTOTYPES = YES;
				CLANG_WARN_SUSPICIOUS_MOVE = YES;
				CLANG_WARN_UNGUARDED_AVAILABILITY = YES_AGGRESSIVE;
				CLANG_WARN_UNREACHABLE_CODE = YES;
				CLANG_WARN__DUPLICATE_METHOD_MATCH = YES;
				COPY_PHASE_STRIP = NO;
				DEBUG_INFORMATION_FORMAT = "dwarf-with-dsym";
				ENABLE_NS_ASSERTIONS = NO;
				ENABLE_STRICT_OBJC_MSGSEND = YES;
				GCC_C_LANGUAGE_STANDARD = gnu11;
				GCC_NO_COMMON_BLOCKS = YES;
				GCC_WARN_64_TO_32_BIT_CONVERSION = YES;
				GCC_WARN_ABOUT_RETURN_TYPE = YES_ERROR;
				GCC_WARN_UNDECLARED_SELECTOR = YES;
				GCC_WARN_UNINITIALIZED_AUTOS = YES_AGGRESSIVE;
				GCC_WARN_UNUSED_FUNCTION = YES;
				GCC_WARN_UNUSED_VARIABLE = YES;
				IPHONEOS_DEPLOYMENT_TARGET = 16.4;
				MTL_ENABLE_DEBUG_INFO = NO;
				MTL_FAST_MATH = YES;
				SDKROOT = iphoneos;
				SWIFT_COMPILATION_MODE = wholemodule;
				SWIFT_OPTIMIZATION_LEVEL = "-O";
				VALIDATE_PRODUCT = YES;
			};
			name = Release;
		};
		943ECFEC2E73CC4D00937C96 /* Debug */ = {
			isa = XCBuildConfiguration;
			buildSettings = {
				ASSETCATALOG_COMPILER_APPICON_NAME = AppIcon;
				ASSETCATALOG_COMPILER_GLOBAL_ACCENT_COLOR_NAME = AccentColor;
				CODE_SIGN_IDENTITY = "Apple Development";
				CODE_SIGN_STYLE = Automatic;
				CURRENT_PROJECT_VERSION = 1;
				DEVELOPMENT_TEAM = 4C5TS5H7DY;
				GENERATE_INFOPLIST_FILE = YES;
				INFOPLIST_FILE = MTASafari/Info.plist;
				INFOPLIST_KEY_UIApplicationSupportsIndirectInputEvents = YES;
				INFOPLIST_KEY_UILaunchStoryboardName = LaunchScreen;
				INFOPLIST_KEY_UIMainStoryboardFile = Main;
				INFOPLIST_KEY_UISupportedInterfaceOrientations_iPad = "UIInterfaceOrientationPortrait UIInterfaceOrientationPortraitUpsideDown UIInterfaceOrientationLandscapeLeft UIInterfaceOrientationLandscapeRight";
				INFOPLIST_KEY_UISupportedInterfaceOrientations_iPhone = "UIInterfaceOrientationPortrait UIInterfaceOrientationLandscapeLeft UIInterfaceOrientationLandscapeRight";
				LD_RUNPATH_SEARCH_PATHS = (
					"$(inherited)",
					"@executable_path/Frameworks",
				);
				MARKETING_VERSION = 1.0;
				PRODUCT_BUNDLE_IDENTIFIER = ruihanxu.MTASafari;
				PRODUCT_NAME = "$(TARGET_NAME)";
				PROVISIONING_PROFILE_SPECIFIER = "";
				SWIFT_EMIT_LOC_STRINGS = YES;
				SWIFT_VERSION = 5.0;
				TARGETED_DEVICE_FAMILY = "1,2";
			};
			name = Debug;
		};
		943ECFED2E73CC4D00937C96 /* Release */ = {
			isa = XCBuildConfiguration;
			buildSettings = {
				ASSETCATALOG_COMPILER_APPICON_NAME = AppIcon;
				ASSETCATALOG_COMPILER_GLOBAL_ACCENT_COLOR_NAME = AccentColor;
				CODE_SIGN_IDENTITY = "Apple Development";
				CODE_SIGN_STYLE = Automatic;
				CURRENT_PROJECT_VERSION = 1;
				DEVELOPMENT_TEAM = 4C5TS5H7DY;
				GENERATE_INFOPLIST_FILE = YES;
				INFOPLIST_FILE = MTASafari/Info.plist;
				INFOPLIST_KEY_UIApplicationSupportsIndirectInputEvents = YES;
				INFOPLIST_KEY_UILaunchStoryboardName = LaunchScreen;
				INFOPLIST_KEY_UIMainStoryboardFile = Main;
				INFOPLIST_KEY_UISupportedInterfaceOrientations_iPad = "UIInterfaceOrientationPortrait UIInterfaceOrientationPortraitUpsideDown UIInterfaceOrientationLandscapeLeft UIInterfaceOrientationLandscapeRight";
				INFOPLIST_KEY_UISupportedInterfaceOrientations_iPhone = "UIInterfaceOrientationPortrait UIInterfaceOrientationLandscapeLeft UIInterfaceOrientationLandscapeRight";
				LD_RUNPATH_SEARCH_PATHS = (
					"$(inherited)",
					"@executable_path/Frameworks",
				);
				MARKETING_VERSION = 1.0;
				PRODUCT_BUNDLE_IDENTIFIER = ruihanxu.MTASafari;
				PRODUCT_NAME = "$(TARGET_NAME)";
				PROVISIONING_PROFILE_SPECIFIER = "";
				SWIFT_EMIT_LOC_STRINGS = YES;
				SWIFT_VERSION = 5.0;
				TARGETED_DEVICE_FAMILY = "1,2";
			};
			name = Release;
		};
/* End XCBuildConfiguration section */

/* Begin XCConfigurationList section */
		943ECFD22E73CC4C00937C96 /* Build configuration list for PBXProject "MTASafari" */ = {
			isa = XCConfigurationList;
			buildConfigurations = (
				943ECFE92E73CC4D00937C96 /* Debug */,
				943ECFEA2E73CC4D00937C96 /* Release */,
			);
			defaultConfigurationIsVisible = 0;
			defaultConfigurationName = Release;
		};
		943ECFEB2E73CC4D00937C96 /* Build configuration list for PBXNativeTarget "MTASafari" */ = {
			isa = XCConfigurationList;
			buildConfigurations = (
				943ECFEC2E73CC4D00937C96 /* Debug */,
				943ECFED2E73CC4D00937C96 /* Release */,
			);
			defaultConfigurationIsVisible = 0;
			defaultConfigurationName = Release;
		};
/* End XCConfigurationList section */
	};
	rootObject = 943ECFCF2E73CC4C00937C96 /* Project object */;
}
